
Microsoft Visual Studio Solution File, Format Version 12.00
Project("{FAE04EC0-301F-11D3-BF4B-00C04F79EFBC}") = "AccessibilityAnalyzer", "AccessibilityAnalyzer\AccessibilityAnalyzer.csproj", "{D9728CF8-26EF-48E4-8203-73CDC70DCE50}"
EndProject
Project("{2150E333-8FDC-42A3-9474-1A3956D46DE8}") = "Solution Items", "Solution Items", "{24BCAA5F-35E2-4BEE-AF98-18FEEFEDEE82}"
	ProjectSection(SolutionItems) = preProject
		compose.yaml = compose.yaml
	EndProjectSection
EndProject
Project("{FAE04EC0-301F-11D3-BF4B-00C04F79EFBC}") = "AccessibilityAnalyzer.SourceGathering", "AccessibilityAnalyzer.SourceGathering\AccessibilityAnalyzer.SourceGathering.csproj", "{1012D859-317C-47CA-816E-865B5CC2E851}"
EndProject
Project("{FAE04EC0-301F-11D3-BF4B-00C04F79EFBC}") = "AccessibilityAnalyzer.Ai", "AccessibilityAnalyzer.Ai\AccessibilityAnalyzer.Ai.csproj", "{61013CDA-1575-41B9-86A2-0B093ACC8DF1}"
EndProject
Global
	GlobalSection(SolutionConfigurationPlatforms) = preSolution
		Debug|Any CPU = Debug|Any CPU
		Release|Any CPU = Release|Any CPU
	EndGlobalSection
	GlobalSection(ProjectConfigurationPlatforms) = postSolution
		{D9728CF8-26EF-48E4-8203-73CDC70DCE50}.Debug|Any CPU.ActiveCfg = Debug|Any CPU
		{D9728CF8-26EF-48E4-8203-73CDC70DCE50}.Debug|Any CPU.Build.0 = Debug|Any CPU
		{D9728CF8-26EF-48E4-8203-73CDC70DCE50}.Release|Any CPU.ActiveCfg = Release|Any CPU
		{D9728CF8-26EF-48E4-8203-73CDC70DCE50}.Release|Any CPU.Build.0 = Release|Any CPU
		{1012D859-317C-47CA-816E-865B5CC2E851}.Debug|Any CPU.ActiveCfg = Debug|Any CPU
		{1012D859-317C-47CA-816E-865B5CC2E851}.Debug|Any CPU.Build.0 = Debug|Any CPU
		{1012D859-317C-47CA-816E-865B5CC2E851}.Release|Any CPU.ActiveCfg = Release|Any CPU
		{1012D859-317C-47CA-816E-865B5CC2E851}.Release|Any CPU.Build.0 = Release|Any CPU
		{61013CDA-1575-41B9-86A2-0B093ACC8DF1}.Debug|Any CPU.ActiveCfg = Debug|Any CPU
		{61013CDA-1575-41B9-86A2-0B093ACC8DF1}.Debug|Any CPU.Build.0 = Debug|Any CPU
		{61013CDA-1575-41B9-86A2-0B093ACC8DF1}.Release|Any CPU.ActiveCfg = Release|Any CPU
		{61013CDA-1575-41B9-86A2-0B093ACC8DF1}.Release|Any CPU.Build.0 = Release|Any CPU
	EndGlobalSection
EndGlobal
